
Microsoft Visual Studio Solution File, Format Version 12.00
# Visual Studio Version 16
VisualStudioVersion = 16.0.30523.141
MinimumVisualStudioVersion = 10.0.40219.1
Project("{FAE04EC0-301F-11D3-BF4B-00C04F79EFBC}") = "DotNetNote.Apis", "DotNetNote.Apis.csproj", "{0ED7716F-13E9-4F94-BE2C-CF1A566EBA3B}"
EndProject
Global
	GlobalSection(SolutionConfigurationPlatforms) = preSolution
		Debug|Any CPU = Debug|Any CPU
		Release|Any CPU = Release|Any CPU
	EndGlobalSection
	GlobalSection(ProjectConfigurationPlatforms) = postSolution
		{0ED7716F-13E9-4F94-BE2C-CF1A566EBA3B}.Debug|Any CPU.ActiveCfg = Debug|Any CPU
		{0ED7716F-13E9-4F94-BE2C-CF1A566EBA3B}.Debug|Any CPU.Build.0 = Debug|Any CPU
		{0ED7716F-13E9-4F94-BE2C-CF1A566EBA3B}.Release|Any CPU.ActiveCfg = Release|Any CPU
		{0ED7716F-13E9-4F94-BE2C-CF1A566EBA3B}.Release|Any CPU.Build.0 = Release|Any CPU
	EndGlobalSection
	GlobalSection(SolutionProperties) = preSolution
		HideSolutionNode = FALSE
	EndGlobalSection
	GlobalSection(ExtensibilityGlobals) = postSolution
		SolutionGuid = {4ED98BE6-DF73-4A63-B831-8441CDC778EF}
	EndGlobalSection
EndGlobal
